// !$*UTF8*$!
{
	archiveVersion = 1;
	classes = {
	};
	objectVersion = 50;
	objects = {

/* Begin PBXBuildFile section */
		040886EA2480F8A0006AAF27 /* AppDelegate.swift in Sources */ = {isa = PBXBuildFile; fileRef = 040886E92480F8A0006AAF27 /* AppDelegate.swift */; };
		040886EC2480F8A0006AAF27 /* SceneDelegate.swift in Sources */ = {isa = PBXBuildFile; fileRef = 040886EB2480F8A0006AAF27 /* SceneDelegate.swift */; };
		040886EE2480F8A0006AAF27 /* ViewController.swift in Sources */ = {isa = PBXBuildFile; fileRef = 040886ED2480F8A0006AAF27 /* ViewController.swift */; };
		040886F12480F8A0006AAF27 /* Main.storyboard in Resources */ = {isa = PBXBuildFile; fileRef = 040886EF2480F8A0006AAF27 /* Main.storyboard */; };
		040886F32480F8A2006AAF27 /* Assets.xcassets in Resources */ = {isa = PBXBuildFile; fileRef = 040886F22480F8A2006AAF27 /* Assets.xcassets */; };
		040886F62480F8A2006AAF27 /* LaunchScreen.storyboard in Resources */ = {isa = PBXBuildFile; fileRef = 040886F42480F8A2006AAF27 /* LaunchScreen.storyboard */; };
		040887012480F8A2006AAF27 /* Basis_Task_iOSTests.swift in Sources */ = {isa = PBXBuildFile; fileRef = 040887002480F8A2006AAF27 /* Basis_Task_iOSTests.swift */; };
/* End PBXBuildFile section */

/* Begin PBXContainerItemProxy section */
		040886FD2480F8A2006AAF27 /* PBXContainerItemProxy */ = {
			isa = PBXContainerItemProxy;
			containerPortal = 040886DE2480F89F006AAF27 /* Project object */;
			proxyType = 1;
			remoteGlobalIDString = 040886E52480F89F006AAF27;
			remoteInfo = "Basis Task iOS";
		};
/* End PBXContainerItemProxy section */

/* Begin PBXFileReference section */
		040886E62480F89F006AAF27 /* Basis Task iOS.app */ = {isa = PBXFileReference; explicitFileType = wrapper.application; includeInIndex = 0; path = "Basis Task iOS.app"; sourceTree = BUILT_PRODUCTS_DIR; };
		040886E92480F8A0006AAF27 /* AppDelegate.swift */ = {isa = PBXFileReference; lastKnownFileType = sourcecode.swift; path = AppDelegate.swift; sourceTree = "<group>"; };
		040886EB2480F8A0006AAF27 /* SceneDelegate.swift */ = {isa = PBXFileReference; lastKnownFileType = sourcecode.swift; path = SceneDelegate.swift; sourceTree = "<group>"; };
		040886ED2480F8A0006AAF27 /* ViewController.swift */ = {isa = PBXFileReference; lastKnownFileType = sourcecode.swift; path = ViewController.swift; sourceTree = "<group>"; };
		040886F02480F8A0006AAF27 /* Base */ = {isa = PBXFileReference; lastKnownFileType = file.storyboard; name = Base; path = Base.lproj/Main.storyboard; sourceTree = "<group>"; };
		040886F22480F8A2006AAF27 /* Assets.xcassets */ = {isa = PBXFileReference; lastKnownFileType = folder.assetcatalog; path = Assets.xcassets; sourceTree = "<group>"; };
		040886F52480F8A2006AAF27 /* Base */ = {isa = PBXFileReference; lastKnownFileType = file.storyboard; name = Base; path = Base.lproj/LaunchScreen.storyboard; sourceTree = "<group>"; };
		040886F72480F8A2006AAF27 /* Info.plist */ = {isa = PBXFileReference; lastKnownFileType = text.plist.xml; path = Info.plist; sourceTree = "<group>"; };
		040886FC2480F8A2006AAF27 /* Basis Task iOSTests.xctest */ = {isa = PBXFileReference; explicitFileType = wrapper.cfbundle; includeInIndex = 0; path = "Basis Task iOSTests.xctest"; sourceTree = BUILT_PRODUCTS_DIR; };
		040887002480F8A2006AAF27 /* Basis_Task_iOSTests.swift */ = {isa = PBXFileReference; lastKnownFileType = sourcecode.swift; path = Basis_Task_iOSTests.swift; sourceTree = "<group>"; };
		040887022480F8A2006AAF27 /* Info.plist */ = {isa = PBXFileReference; lastKnownFileType = text.plist.xml; path = Info.plist; sourceTree = "<group>"; };
/* End PBXFileReference section */

/* Begin PBXFrameworksBuildPhase section */
		040886E32480F89F006AAF27 /* Frameworks */ = {
			isa = PBXFrameworksBuildPhase;
			buildActionMask = 2147483647;
			files = (
			);
			runOnlyForDeploymentPostprocessing = 0;
		};
		040886F92480F8A2006AAF27 /* Frameworks */ = {
			isa = PBXFrameworksBuildPhase;
			buildActionMask = 2147483647;
			files = (
			);
			runOnlyForDeploymentPostprocessing = 0;
		};
/* End PBXFrameworksBuildPhase section */

/* Begin PBXGroup section */
		040886DD2480F89F006AAF27 = {
			isa = PBXGroup;
			children = (
				040886E82480F89F006AAF27 /* Basis Task iOS */,
				040886FF2480F8A2006AAF27 /* Basis Task iOSTests */,
				040886E72480F89F006AAF27 /* Products */,
			);
			sourceTree = "<group>";
		};
		040886E72480F89F006AAF27 /* Products */ = {
			isa = PBXGroup;
			children = (
				040886E62480F89F006AAF27 /* Basis Task iOS.app */,
				040886FC2480F8A2006AAF27 /* Basis Task iOSTests.xctest */,
			);
			name = Products;
			sourceTree = "<group>";
		};
		040886E82480F89F006AAF27 /* Basis Task iOS */ = {
			isa = PBXGroup;
			children = (
				040886E92480F8A0006AAF27 /* AppDelegate.swift */,
				040886EB2480F8A0006AAF27 /* SceneDelegate.swift */,
				040886ED2480F8A0006AAF27 /* ViewController.swift */,
				040886EF2480F8A0006AAF27 /* Main.storyboard */,
				040886F22480F8A2006AAF27 /* Assets.xcassets */,
				040886F42480F8A2006AAF27 /* LaunchScreen.storyboard */,
				040886F72480F8A2006AAF27 /* Info.plist */,
			);
			path = "Basis Task iOS";
			sourceTree = "<group>";
		};
		040886FF2480F8A2006AAF27 /* Basis Task iOSTests */ = {
			isa = PBXGroup;
			children = (
				040887002480F8A2006AAF27 /* Basis_Task_iOSTests.swift */,
				040887022480F8A2006AAF27 /* Info.plist */,
			);
			path = "Basis Task iOSTests";
			sourceTree = "<group>";
		};
/* End PBXGroup section */

/* Begin PBXNativeTarget section */
		040886E52480F89F006AAF27 /* Basis Task iOS */ = {
			isa = PBXNativeTarget;
			buildConfigurationList = 040887052480F8A2006AAF27 /* Build configuration list for PBXNativeTarget "Basis Task iOS" */;
			buildPhases = (
				040886E22480F89F006AAF27 /* Sources */,
				040886E32480F89F006AAF27 /* Frameworks */,
				040886E42480F89F006AAF27 /* Resources */,
			);
			buildRules = (
			);
			dependencies = (
			);
			name = "Basis Task iOS";
			productName = "Basis Task iOS";
			productReference = 040886E62480F89F006AAF27 /* Basis Task iOS.app */;
			productType = "com.apple.product-type.application";
		};
		040886FB2480F8A2006AAF27 /* Basis Task iOSTests */ = {
			isa = PBXNativeTarget;
			buildConfigurationList = 040887082480F8A2006AAF27 /* Build configuration list for PBXNativeTarget "Basis Task iOSTests" */;
			buildPhases = (
				040886F82480F8A2006AAF27 /* Sources */,
				040886F92480F8A2006AAF27 /* Frameworks */,
				040886FA2480F8A2006AAF27 /* Resources */,
			);
			buildRules = (
			);
			dependencies = (
				040886FE2480F8A2006AAF27 /* PBXTargetDependency */,
			);
			name = "Basis Task iOSTests";
			productName = "Basis Task iOSTests";
			productReference = 040886FC2480F8A2006AAF27 /* Basis Task iOSTests.xctest */;
			productType = "com.apple.product-type.bundle.unit-test";
		};
/* End PBXNativeTarget section */

/* Begin PBXProject section */
		040886DE2480F89F006AAF27 /* Project object */ = {
			isa = PBXProject;
			attributes = {
				LastSwiftUpdateCheck = 1130;
				LastUpgradeCheck = 1130;
				ORGANIZATIONNAME = "Ganesh iOS";
				TargetAttributes = {
					040886E52480F89F006AAF27 = {
						CreatedOnToolsVersion = 11.3.1;
					};
					040886FB2480F8A2006AAF27 = {
						CreatedOnToolsVersion = 11.3.1;
						TestTargetID = 040886E52480F89F006AAF27;
					};
				};
			};
			buildConfigurationList = 040886E12480F89F006AAF27 /* Build configuration list for PBXProject "Basis Task iOS" */;
			compatibilityVersion = "Xcode 9.3";
			developmentRegion = en;
			hasScannedForEncodings = 0;
			knownRegions = (
				en,
				Base,
			);
			mainGroup = 040886DD2480F89F006AAF27;
			productRefGroup = 040886E72480F89F006AAF27 /* Products */;
			projectDirPath = "";
			projectRoot = "";
			targets = (
				040886E52480F89F006AAF27 /* Basis Task iOS */,
				040886FB2480F8A2006AAF27 /* Basis Task iOSTests */,
			);
		};
/* End PBXProject section */

/* Begin PBXResourcesBuildPhase section */
		040886E42480F89F006AAF27 /* Resources */ = {
			isa = PBXResourcesBuildPhase;
			buildActionMask = 2147483647;
			files = (
				040886F62480F8A2006AAF27 /* LaunchScreen.storyboard in Resources */,
				040886F32480F8A2006AAF27 /* Assets.xcassets in Resources */,
				040886F12480F8A0006AAF27 /* Main.storyboard in Resources */,
			);
			runOnlyForDeploymentPostprocessing = 0;
		};
		040886FA2480F8A2006AAF27 /* Resources */ = {
			isa = PBXResourcesBuildPhase;
			buildActionMask = 2147483647;
			files = (
			);
			runOnlyForDeploymentPostprocessing = 0;
		};
/* End PBXResourcesBuildPhase section */

/* Begin PBXSourcesBuildPhase section */
		040886E22480F89F006AAF27 /* Sources */ = {
			isa = PBXSourcesBuildPhase;
			buildActionMask = 2147483647;
			files = (
				040886EE2480F8A0006AAF27 /* ViewController.swift in Sources */,
				040886EA2480F8A0006AAF27 /* AppDelegate.swift in Sources */,
				040886EC2480F8A0006AAF27 /* SceneDelegate.swift in Sources */,
			);
			runOnlyForDeploymentPostprocessing = 0;
		};
		040886F82480F8A2006AAF27 /* Sources */ = {
			isa = PBXSourcesBuildPhase;
			buildActionMask = 2147483647;
			files = (
				040887012480F8A2006AAF27 /* Basis_Task_iOSTests.swift in Sources */,
			);
			runOnlyForDeploymentPostprocessing = 0;
		};
/* End PBXSourcesBuildPhase section */

/* Begin PBXTargetDependency section */
		040886FE2480F8A2006AAF27 /* PBXTargetDependency */ = {
			isa = PBXTargetDependency;
			target = 040886E52480F89F006AAF27 /* Basis Task iOS */;
			targetProxy = 040886FD2480F8A2006AAF27 /* PBXContainerItemProxy */;
		};
/* End PBXTargetDependency section */

/* Begin PBXVariantGroup section */
		040886EF2480F8A0006AAF27 /* Main.storyboard */ = {
			isa = PBXVariantGroup;
			children = (
				040886F02480F8A0006AAF27 /* Base */,
			);
			name = Main.storyboard;
			sourceTree = "<group>";
		};
		040886F42480F8A2006AAF27 /* LaunchScreen.storyboard */ = {
			isa = PBXVariantGroup;
			children = (
				040886F52480F8A2006AAF27 /* Base */,
			);
			name = LaunchScreen.storyboard;
			sourceTree = "<group>";
		};
/* End PBXVariantGroup section */

/* Begin XCBuildConfiguration section */
		040887032480F8A2006AAF27 /* Debug */ = {
			isa = XCBuildConfiguration;
			buildSettings = {
				ALWAYS_SEARCH_USER_PATHS = NO;
				CLANG_ANALYZER_NONNULL = YES;
				CLANG_ANALYZER_NUMBER_OBJECT_CONVERSION = YES_AGGRESSIVE;
				CLANG_CXX_LANGUAGE_STANDARD = "gnu++14";
				CLANG_CXX_LIBRARY = "libc++";
				CLANG_ENABLE_MODULES = YES;
				CLANG_ENABLE_OBJC_ARC = YES;
				CLANG_ENABLE_OBJC_WEAK = YES;
				CLANG_WARN_BLOCK_CAPTURE_AUTORELEASING = YES;
				CLANG_WARN_BOOL_CONVERSION = YES;
				CLANG_WARN_COMMA = YES;
				CLANG_WARN_CONSTANT_CONVERSION = YES;
				CLANG_WARN_DEPRECATED_OBJC_IMPLEMENTATIONS = YES;
				CLANG_WARN_DIRECT_OBJC_ISA_USAGE = YES_ERROR;
				CLANG_WARN_DOCUMENTATION_COMMENTS = YES;
				CLANG_WARN_EMPTY_BODY = YES;
				CLANG_WARN_ENUM_CONVERSION = YES;
				CLANG_WARN_INFINITE_RECURSION = YES;
				CLANG_WARN_INT_CONVERSION = YES;
				CLANG_WARN_NON_LITERAL_NULL_CONVERSION = YES;
				CLANG_WARN_OBJC_IMPLICIT_RETAIN_SELF = YES;
				CLANG_WARN_OBJC_LITERAL_CONVERSION = YES;
				CLANG_WARN_OBJC_ROOT_CLASS = YES_ERROR;
				CLANG_WARN_RANGE_LOOP_ANALYSIS = YES;
				CLANG_WARN_STRICT_PROTOTYPES = YES;
				CLANG_WARN_SUSPICIOUS_MOVE = YES;
				CLANG_WARN_UNGUARDED_AVAILABILITY = YES_AGGRESSIVE;
				CLANG_WARN_UNREACHABLE_CODE = YES;
				CLANG_WARN__DUPLICATE_METHOD_MATCH = YES;
				COPY_PHASE_STRIP = NO;
				DEBUG_INFORMATION_FORMAT = dwarf;
				ENABLE_STRICT_OBJC_MSGSEND = YES;
				ENABLE_TESTABILITY = YES;
				GCC_C_LANGUAGE_STANDARD = gnu11;
				GCC_DYNAMIC_NO_PIC = NO;
				GCC_NO_COMMON_BLOCKS = YES;
				GCC_OPTIMIZATION_LEVEL = 0;
				GCC_PREPROCESSOR_DEFINITIONS = (
					"DEBUG=1",
					"$(inherited)",
				);
				GCC_WARN_64_TO_32_BIT_CONVERSION = YES;
				GCC_WARN_ABOUT_RETURN_TYPE = YES_ERROR;
				GCC_WARN_UNDECLARED_SELECTOR = YES;
				GCC_WARN_UNINITIALIZED_AUTOS = YES_AGGRESSIVE;
				GCC_WARN_UNUSED_FUNCTION = YES;
				GCC_WARN_UNUSED_VARIABLE = YES;
				IPHONEOS_DEPLOYMENT_TARGET = 13.2;
				MTL_ENABLE_DEBUG_INFO = INCLUDE_SOURCE;
				MTL_FAST_MATH = YES;
				ONLY_ACTIVE_ARCH = YES;
				SDKROOT = iphoneos;
				SWIFT_ACTIVE_COMPILATION_CONDITIONS = DEBUG;
				SWIFT_OPTIMIZATION_LEVEL = "-Onone";
			};
			name = Debug;
		};
		040887042480F8A2006AAF27 /* Release */ = {
			isa = XCBuildConfiguration;
			buildSettings = {
				ALWAYS_SEARCH_USER_PATHS = NO;
				CLANG_ANALYZER_NONNULL = YES;
				CLANG_ANALYZER_NUMBER_OBJECT_CONVERSION = YES_AGGRESSIVE;
				CLANG_CXX_LANGUAGE_STANDARD = "gnu++14";
				CLANG_CXX_LIBRARY = "libc++";
				CLANG_ENABLE_MODULES = YES;
				CLANG_ENABLE_OBJC_ARC = YES;
				CLANG_ENABLE_OBJC_WEAK = YES;
				CLANG_WARN_BLOCK_CAPTURE_AUTORELEASING = YES;
				CLANG_WARN_BOOL_CONVERSION = YES;
				CLANG_WARN_COMMA = YES;
				CLANG_WARN_CONSTANT_CONVERSION = YES;
				CLANG_WARN_DEPRECATED_OBJC_IMPLEMENTATIONS = YES;
				CLANG_WARN_DIRECT_OBJC_ISA_USAGE = YES_ERROR;
				CLANG_WARN_DOCUMENTATION_COMMENTS = YES;
				CLANG_WARN_EMPTY_BODY = YES;
				CLANG_WARN_ENUM_CONVERSION = YES;
				CLANG_WARN_INFINITE_RECURSION = YES;
				CLANG_WARN_INT_CONVERSION = YES;
				CLANG_WARN_NON_LITERAL_NULL_CONVERSION = YES;
				CLANG_WARN_OBJC_IMPLICIT_RETAIN_SELF = YES;
				CLANG_WARN_OBJC_LITERAL_CONVERSION = YES;
				CLANG_WARN_OBJC_ROOT_CLASS = YES_ERROR;
				CLANG_WARN_RANGE_LOOP_ANALYSIS = YES;
				CLANG_WARN_STRICT_PROTOTYPES = YES;
				CLANG_WARN_SUSPICIOUS_MOVE = YES;
				CLANG_WARN_UNGUARDED_AVAILABILITY = YES_AGGRESSIVE;
				CLANG_WARN_UNREACHABLE_CODE = YES;
				CLANG_WARN__DUPLICATE_METHOD_MATCH = YES;
				COPY_PHASE_STRIP = NO;
				DEBUG_INFORMATION_FORMAT = "dwarf-with-dsym";
				ENABLE_NS_ASSERTIONS = NO;
				ENABLE_STRICT_OBJC_MSGSEND = YES;
				GCC_C_LANGUAGE_STANDARD = gnu11;
				GCC_NO_COMMON_BLOCKS = YES;
				GCC_WARN_64_TO_32_BIT_CONVERSION = YES;
				GCC_WARN_ABOUT_RETURN_TYPE = YES_ERROR;
				GCC_WARN_UNDECLARED_SELECTOR = YES;
				GCC_WARN_UNINITIALIZED_AUTOS = YES_AGGRESSIVE;
				GCC_WARN_UNUSED_FUNCTION = YES;
				GCC_WARN_UNUSED_VARIABLE = YES;
				IPHONEOS_DEPLOYMENT_TARGET = 13.2;
				MTL_ENABLE_DEBUG_INFO = NO;
				MTL_FAST_MATH = YES;
				SDKROOT = iphoneos;
				SWIFT_COMPILATION_MODE = wholemodule;
				SWIFT_OPTIMIZATION_LEVEL = "-O";
				VALIDATE_PRODUCT = YES;
			};
			name = Release;
		};
		040887062480F8A2006AAF27 /* Debug */ = {
			isa = XCBuildConfiguration;
			buildSettings = {
				ASSETCATALOG_COMPILER_APPICON_NAME = AppIcon;
				CODE_SIGN_STYLE = Automatic;
				INFOPLIST_FILE = "Basis Task iOS/Info.plist";
				LD_RUNPATH_SEARCH_PATHS = (
					"$(inherited)",
					"@executable_path/Frameworks",
				);
				PRODUCT_BUNDLE_IDENTIFIER = "com.ganesh.Basis-Task-iOS";
				PRODUCT_NAME = "$(TARGET_NAME)";
				SWIFT_VERSION = 5.0;
				TARGETED_DEVICE_FAMILY = "1,2";
			};
			name = Debug;
		};
		040887072480F8A2006AAF27 /* Release */ = {
			isa = XCBuildConfiguration;
			buildSettings = {
				ASSETCATALOG_COMPILER_APPICON_NAME = AppIcon;
				CODE_SIGN_STYLE = Automatic;
				INFOPLIST_FILE = "Basis Task iOS/Info.plist";
				LD_RUNPATH_SEARCH_PATHS = (
					"$(inherited)",
					"@executable_path/Frameworks",
				);
				PRODUCT_BUNDLE_IDENTIFIER = "com.ganesh.Basis-Task-iOS";
				PRODUCT_NAME = "$(TARGET_NAME)";
				SWIFT_VERSION = 5.0;
				TARGETED_DEVICE_FAMILY = "1,2";
			};
			name = Release;
		};
		040887092480F8A2006AAF27 /* Debug */ = {
			isa = XCBuildConfiguration;
			buildSettings = {
				ALWAYS_EMBED_SWIFT_STANDARD_LIBRARIES = YES;
				BUNDLE_LOADER = "$(TEST_HOST)";
				CODE_SIGN_STYLE = Automatic;
				INFOPLIST_FILE = "Basis Task iOSTests/Info.plist";
				IPHONEOS_DEPLOYMENT_TARGET = 13.2;
				LD_RUNPATH_SEARCH_PATHS = (
					"$(inherited)",
					"@executable_path/Frameworks",
					"@loader_path/Frameworks",
				);
				PRODUCT_BUNDLE_IDENTIFIER = "com.ganesh.Basis-Task-iOSTests";
				PRODUCT_NAME = "$(TARGET_NAME)";
				SWIFT_VERSION = 5.0;
				TARGETED_DEVICE_FAMILY = "1,2";
				TEST_HOST = "$(BUILT_PRODUCTS_DIR)/Basis Task iOS.app/Basis Task iOS";
			};
			name = Debug;
		};
		0408870A2480F8A2006AAF27 /* Release */ = {
			isa = XCBuildConfiguration;
			buildSettings = {
				ALWAYS_EMBED_SWIFT_STANDARD_LIBRARIES = YES;
				BUNDLE_LOADER = "$(TEST_HOST)";
				CODE_SIGN_STYLE = Automatic;
				INFOPLIST_FILE = "Basis Task iOSTests/Info.plist";
				IPHONEOS_DEPLOYMENT_TARGET = 13.2;
				LD_RUNPATH_SEARCH_PATHS = (
					"$(inherited)",
					"@executable_path/Frameworks",
					"@loader_path/Frameworks",
				);
				PRODUCT_BUNDLE_IDENTIFIER = "com.ganesh.Basis-Task-iOSTests";
				PRODUCT_NAME = "$(TARGET_NAME)";
				SWIFT_VERSION = 5.0;
				TARGETED_DEVICE_FAMILY = "1,2";
				TEST_HOST = "$(BUILT_PRODUCTS_DIR)/Basis Task iOS.app/Basis Task iOS";
			};
			name = Release;
		};
/* End XCBuildConfiguration section */

/* Begin XCConfigurationList section */
		040886E12480F89F006AAF27 /* Build configuration list for PBXProject "Basis Task iOS" */ = {
			isa = XCConfigurationList;
			buildConfigurations = (
				040887032480F8A2006AAF27 /* Debug */,
				040887042480F8A2006AAF27 /* Release */,
			);
			defaultConfigurationIsVisible = 0;
			defaultConfigurationName = Release;
		};
		040887052480F8A2006AAF27 /* Build configuration list for PBXNativeTarget "Basis Task iOS" */ = {
			isa = XCConfigurationList;
			buildConfigurations = (
				040887062480F8A2006AAF27 /* Debug */,
				040887072480F8A2006AAF27 /* Release */,
			);
			defaultConfigurationIsVisible = 0;
			defaultConfigurationName = Release;
		};
		040887082480F8A2006AAF27 /* Build configuration list for PBXNativeTarget "Basis Task iOSTests" */ = {
			isa = XCConfigurationList;
			buildConfigurations = (
				040887092480F8A2006AAF27 /* Debug */,
				0408870A2480F8A2006AAF27 /* Release */,
			);
			defaultConfigurationIsVisible = 0;
			defaultConfigurationName = Release;
		};
/* End XCConfigurationList section */
	};
	rootObject = 040886DE2480F89F006AAF27 /* Project object */;
}
